
Microsoft Visual Studio Solution File, Format Version 12.00
# Visual Studio Version 17
VisualStudioVersion = 17.4.33213.308
MinimumVisualStudioVersion = 10.0.40219.1
Project("{FAE04EC0-301F-11D3-BF4B-00C04F79EFBC}") = "DrugRegistry.API", "DrugRegistry.API\DrugRegistry.API.csproj", "{A6DF53C9-D63C-4438-A96C-908866B68CD2}"
EndProject
Global
	GlobalSection(SolutionConfigurationPlatforms) = preSolution
		Debug|Any CPU = Debug|Any CPU
		Release|Any CPU = Release|Any CPU
	EndGlobalSection
	GlobalSection(ProjectConfigurationPlatforms) = postSolution
		{A6DF53C9-D63C-4438-A96C-908866B68CD2}.Debug|Any CPU.ActiveCfg = Debug|Any CPU
		{A6DF53C9-D63C-4438-A96C-908866B68CD2}.Debug|Any CPU.Build.0 = Debug|Any CPU
		{A6DF53C9-D63C-4438-A96C-908866B68CD2}.Release|Any CPU.ActiveCfg = Release|Any CPU
		{A6DF53C9-D63C-4438-A96C-908866B68CD2}.Release|Any CPU.Build.0 = Release|Any CPU
	EndGlobalSection
	GlobalSection(SolutionProperties) = preSolution
		HideSolutionNode = FALSE
	EndGlobalSection
	GlobalSection(ExtensibilityGlobals) = postSolution
		SolutionGuid = {B904F7D1-DFE8-4FBE-9577-A5DBE8B06D5F}
	EndGlobalSection
EndGlobal
